github.com/toorop/go-dkim v0.0.0-20201103131630-e1cd1a0a5208 h1:PM5hJF7HVfNWmCjMdEfbuOBNXSVF2cMFGgQTPdKCbwM=
github.com/toorop/go-dkim v0.0.0-20201103131630-e1cd1a0a5208/go.mod h1:BzWtXXrXzZUvMacR0oF/fbDDgUPO8L36tDMmRAf14ns=
github.com/xhit/go-simple-mail v2.2.2+incompatible h1:Hm2VGfLqiQJ/NnC8SYsrPOPyVYIlvP2kmnotP4RIV74=
github.com/xhit/go-simple-mail v2.2.2+incompatible/go.mod h1:I8Ctg6vIJZ+Sv7k/22M6oeu/tbFumDY0uxBuuLbtU7Y=
